
Microsoft Visual Studio Solution File, Format Version 12.00
# Visual Studio Version 17
VisualStudioVersion = 17.3.32819.101
MinimumVisualStudioVersion = 10.0.40219.1
Project("{FAE04EC0-301F-11D3-BF4B-00C04F79EFBC}") = "wcf_chat", "wcf_chat\wcf_chat.csproj", "{12DFB5C5-FA05-4A15-8952-A8A9B397D354}"
EndProject
Project("{FAE04EC0-301F-11D3-BF4B-00C04F79EFBC}") = "ChatHost", "ChatHost\ChatHost.csproj", "{C3B36347-6BFC-4F7C-91D0-7DCF003CEBE1}"
EndProject
Project("{FAE04EC0-301F-11D3-BF4B-00C04F79EFBC}") = "ChatClient", "ChatClient\ChatClient.csproj", "{DB6374B8-3A50-4C3E-9627-B0A517C756AA}"
EndProject
Global
	GlobalSection(SolutionConfigurationPlatforms) = preSolution
		Debug|Any CPU = Debug|Any CPU
		Release|Any CPU = Release|Any CPU
	EndGlobalSection
	GlobalSection(ProjectConfigurationPlatforms) = postSolution
		{12DFB5C5-FA05-4A15-8952-A8A9B397D354}.Debug|Any CPU.ActiveCfg = Debug|Any CPU
		{12DFB5C5-FA05-4A15-8952-A8A9B397D354}.Debug|Any CPU.Build.0 = Debug|Any CPU
		{12DFB5C5-FA05-4A15-8952-A8A9B397D354}.Release|Any CPU.ActiveCfg = Release|Any CPU
		{12DFB5C5-FA05-4A15-8952-A8A9B397D354}.Release|Any CPU.Build.0 = Release|Any CPU
		{C3B36347-6BFC-4F7C-91D0-7DCF003CEBE1}.Debug|Any CPU.ActiveCfg = Debug|Any CPU
		{C3B36347-6BFC-4F7C-91D0-7DCF003CEBE1}.Debug|Any CPU.Build.0 = Debug|Any CPU
		{C3B36347-6BFC-4F7C-91D0-7DCF003CEBE1}.Release|Any CPU.ActiveCfg = Release|Any CPU
		{C3B36347-6BFC-4F7C-91D0-7DCF003CEBE1}.Release|Any CPU.Build.0 = Release|Any CPU
		{DB6374B8-3A50-4C3E-9627-B0A517C756AA}.Debug|Any CPU.ActiveCfg = Debug|Any CPU
		{DB6374B8-3A50-4C3E-9627-B0A517C756AA}.Debug|Any CPU.Build.0 = Debug|Any CPU
		{DB6374B8-3A50-4C3E-9627-B0A517C756AA}.Release|Any CPU.ActiveCfg = Release|Any CPU
		{DB6374B8-3A50-4C3E-9627-B0A517C756AA}.Release|Any CPU.Build.0 = Release|Any CPU
	EndGlobalSection
	GlobalSection(SolutionProperties) = preSolution
		HideSolutionNode = FALSE
	EndGlobalSection
	GlobalSection(ExtensibilityGlobals) = postSolution
		SolutionGuid = {DF9A6334-5F08-4E64-B466-E8656F45FDD3}
	EndGlobalSection
EndGlobal
